{
  "name": "twi-cli",
  "version": "1.0.0",
  "lockfileVersion": 3,
  "requires": true,
  "packages": {
    "": {
      "name": "twi-cli",
      "version": "1.0.0",
      "license": "ISC",
      "dependencies": {
        "dotenv": "^16.4.5",
        "twitter-api-v2": "^1.16.0"
      },
      "bin": {
        "twi": "index.js"
      }
    },
    "node_modules/dotenv": {
      "version": "16.6.1",
      "resolved": "https://registry.npmjs.org/dotenv/-/dotenv-16.6.1.tgz",
      "integrity": "sha512-uBq4egWHTcTt33a72vpSG0z3HnPuIl6NqYcTrKEg2azoEyl2hpW0zqlxysq2pK9HlDIHyHyakeYaYnSAwd8bow==",
      "license": "BSD-2-Clause",
      "engines": {
        "node": ">=12"
      },
      "funding": {
        "url": "https://dotenvx.com"
      }
    },
    "node_modules/twitter-api-v2": {
      "version": "1.27.0",
      "resolved": "https://registry.npmjs.org/twitter-api-v2/-/twitter-api-v2-1.27.0.tgz",
      "integrity": "sha512-hbIFwzg0NeOcFOdmJqtKMCXjLjc0INff/7NwhnZ2zpnw65oku8i+0eMxo5M0iTc1hs+inD/IpDw3S0Xh2c45QQ==",
      "license": "Apache-2.0"
    }
  }
}
